
Microsoft Visual Studio Solution File, Format Version 12.00
# Visual Studio Version 17
VisualStudioVersion = 17.1.32210.238
MinimumVisualStudioVersion = 10.0.40219.1
Project("{FAE04EC0-301F-11D3-BF4B-00C04F79EFBC}") = "MetricsManagerHW", "MetricsManagerHW\MetricsManagerHW.csproj", "{A72C1B03-BBDA-43A6-B809-5F478301AE82}"
EndProject
Project("{FAE04EC0-301F-11D3-BF4B-00C04F79EFBC}") = "MetricsAgent", "MetricsAgent\MetricsAgent.csproj", "{A2B858A9-0BB1-4AD1-965A-0E42F44A2025}"
EndProject
Project("{FAE04EC0-301F-11D3-BF4B-00C04F79EFBC}") = "AgentTests", "AgentTests\AgentTests.csproj", "{35307816-63F9-4CA4-9724-349BC2914E85}"
EndProject
Project("{FAE04EC0-301F-11D3-BF4B-00C04F79EFBC}") = "ManagerTests", "ManagerTests\ManagerTests.csproj", "{EAE59941-F73E-43C4-9F90-AF7CABC9A883}"
EndProject
Global
	GlobalSection(SolutionConfigurationPlatforms) = preSolution
		Debug|Any CPU = Debug|Any CPU
		Release|Any CPU = Release|Any CPU
	EndGlobalSection
	GlobalSection(ProjectConfigurationPlatforms) = postSolution
		{A72C1B03-BBDA-43A6-B809-5F478301AE82}.Debug|Any CPU.ActiveCfg = Debug|Any CPU
		{A72C1B03-BBDA-43A6-B809-5F478301AE82}.Debug|Any CPU.Build.0 = Debug|Any CPU
		{A72C1B03-BBDA-43A6-B809-5F478301AE82}.Release|Any CPU.ActiveCfg = Release|Any CPU
		{A72C1B03-BBDA-43A6-B809-5F478301AE82}.Release|Any CPU.Build.0 = Release|Any CPU
		{A2B858A9-0BB1-4AD1-965A-0E42F44A2025}.Debug|Any CPU.ActiveCfg = Debug|Any CPU
		{A2B858A9-0BB1-4AD1-965A-0E42F44A2025}.Debug|Any CPU.Build.0 = Debug|Any CPU
		{A2B858A9-0BB1-4AD1-965A-0E42F44A2025}.Release|Any CPU.ActiveCfg = Release|Any CPU
		{A2B858A9-0BB1-4AD1-965A-0E42F44A2025}.Release|Any CPU.Build.0 = Release|Any CPU
		{35307816-63F9-4CA4-9724-349BC2914E85}.Debug|Any CPU.ActiveCfg = Debug|Any CPU
		{35307816-63F9-4CA4-9724-349BC2914E85}.Debug|Any CPU.Build.0 = Debug|Any CPU
		{35307816-63F9-4CA4-9724-349BC2914E85}.Release|Any CPU.ActiveCfg = Release|Any CPU
		{35307816-63F9-4CA4-9724-349BC2914E85}.Release|Any CPU.Build.0 = Release|Any CPU
		{EAE59941-F73E-43C4-9F90-AF7CABC9A883}.Debug|Any CPU.ActiveCfg = Debug|Any CPU
		{EAE59941-F73E-43C4-9F90-AF7CABC9A883}.Debug|Any CPU.Build.0 = Debug|Any CPU
		{EAE59941-F73E-43C4-9F90-AF7CABC9A883}.Release|Any CPU.ActiveCfg = Release|Any CPU
		{EAE59941-F73E-43C4-9F90-AF7CABC9A883}.Release|Any CPU.Build.0 = Release|Any CPU
	EndGlobalSection
	GlobalSection(SolutionProperties) = preSolution
		HideSolutionNode = FALSE
	EndGlobalSection
	GlobalSection(ExtensibilityGlobals) = postSolution
		SolutionGuid = {36AD5134-D09C-4532-A8F4-ECCD213DB3AD}
	EndGlobalSection
EndGlobal
